
Microsoft Visual Studio Solution File, Format Version 12.00
# Visual Studio Version 17
VisualStudioVersion = 17.11.35303.130
MinimumVisualStudioVersion = 10.0.40219.1
Project("{FAE04EC0-301F-11D3-BF4B-00C04F79EFBC}") = "CapaPresentacion", "Calculator\CapaPresentacion.csproj", "{66AA5127-9515-40B9-8854-36D015F95277}"
EndProject
Project("{FAE04EC0-301F-11D3-BF4B-00C04F79EFBC}") = "CapaDatos", "CapaDatos\CapaDatos.csproj", "{FDEA225A-D1C5-4162-881F-1D1B898A7FA2}"
EndProject
Project("{FAE04EC0-301F-11D3-BF4B-00C04F79EFBC}") = "CapaNegocio", "CapaNegocio\CapaNegocio.csproj", "{E0633D62-759C-4B6B-BF8F-44DEAA0D4431}"
EndProject
Project("{FAE04EC0-301F-11D3-BF4B-00C04F79EFBC}") = "CapaEntidad", "CapaEntidad\CapaEntidad.csproj", "{3A1122F9-CFD2-43A8-A117-C9173CC3DD6D}"
EndProject
Global
	GlobalSection(SolutionConfigurationPlatforms) = preSolution
		Debug|Any CPU = Debug|Any CPU
		Release|Any CPU = Release|Any CPU
	EndGlobalSection
	GlobalSection(ProjectConfigurationPlatforms) = postSolution
		{66AA5127-9515-40B9-8854-36D015F95277}.Debug|Any CPU.ActiveCfg = Debug|Any CPU
		{66AA5127-9515-40B9-8854-36D015F95277}.Debug|Any CPU.Build.0 = Debug|Any CPU
		{66AA5127-9515-40B9-8854-36D015F95277}.Release|Any CPU.ActiveCfg = Release|Any CPU
		{66AA5127-9515-40B9-8854-36D015F95277}.Release|Any CPU.Build.0 = Release|Any CPU
		{FDEA225A-D1C5-4162-881F-1D1B898A7FA2}.Debug|Any CPU.ActiveCfg = Debug|Any CPU
		{FDEA225A-D1C5-4162-881F-1D1B898A7FA2}.Debug|Any CPU.Build.0 = Debug|Any CPU
		{FDEA225A-D1C5-4162-881F-1D1B898A7FA2}.Release|Any CPU.ActiveCfg = Release|Any CPU
		{FDEA225A-D1C5-4162-881F-1D1B898A7FA2}.Release|Any CPU.Build.0 = Release|Any CPU
		{E0633D62-759C-4B6B-BF8F-44DEAA0D4431}.Debug|Any CPU.ActiveCfg = Debug|Any CPU
		{E0633D62-759C-4B6B-BF8F-44DEAA0D4431}.Debug|Any CPU.Build.0 = Debug|Any CPU
		{E0633D62-759C-4B6B-BF8F-44DEAA0D4431}.Release|Any CPU.ActiveCfg = Release|Any CPU
		{E0633D62-759C-4B6B-BF8F-44DEAA0D4431}.Release|Any CPU.Build.0 = Release|Any CPU
		{3A1122F9-CFD2-43A8-A117-C9173CC3DD6D}.Debug|Any CPU.ActiveCfg = Debug|Any CPU
		{3A1122F9-CFD2-43A8-A117-C9173CC3DD6D}.Debug|Any CPU.Build.0 = Debug|Any CPU
		{3A1122F9-CFD2-43A8-A117-C9173CC3DD6D}.Release|Any CPU.ActiveCfg = Release|Any CPU
		{3A1122F9-CFD2-43A8-A117-C9173CC3DD6D}.Release|Any CPU.Build.0 = Release|Any CPU
	EndGlobalSection
	GlobalSection(SolutionProperties) = preSolution
		HideSolutionNode = FALSE
	EndGlobalSection
	GlobalSection(ExtensibilityGlobals) = postSolution
		SolutionGuid = {A2A71BB5-001C-4AF7-A8FF-F6DC6B83DE1D}
	EndGlobalSection
EndGlobal
